
Microsoft Visual Studio Solution File, Format Version 12.00
# Visual Studio 15
VisualStudioVersion = 15.0.33026.149
MinimumVisualStudioVersion = 10.0.40219.1
Project("{FAE04EC0-301F-11D3-BF4B-00C04F79EFBC}") = "library1", "library1\library1.csproj", "{BA1B35D6-35B3-4402-94B0-F09C678D16B0}"
EndProject
Global
	GlobalSection(SolutionConfigurationPlatforms) = preSolution
		Debug|Any CPU = Debug|Any CPU
		Release|Any CPU = Release|Any CPU
	EndGlobalSection
	GlobalSection(ProjectConfigurationPlatforms) = postSolution
		{BA1B35D6-35B3-4402-94B0-F09C678D16B0}.Debug|Any CPU.ActiveCfg = Debug|Any CPU
		{BA1B35D6-35B3-4402-94B0-F09C678D16B0}.Debug|Any CPU.Build.0 = Debug|Any CPU
		{BA1B35D6-35B3-4402-94B0-F09C678D16B0}.Release|Any CPU.ActiveCfg = Release|Any CPU
		{BA1B35D6-35B3-4402-94B0-F09C678D16B0}.Release|Any CPU.Build.0 = Release|Any CPU
	EndGlobalSection
	GlobalSection(SolutionProperties) = preSolution
		HideSolutionNode = FALSE
	EndGlobalSection
	GlobalSection(ExtensibilityGlobals) = postSolution
		SolutionGuid = {B702E906-9972-4A06-90C1-EE855429618C}
	EndGlobalSection
EndGlobal
